// !$*UTF8*$!
{
	archiveVersion = 1;
	classes = {
	};
	objectVersion = 50;
	objects = {

/* Begin PBXBuildFile section */
		294D71B820A91D72003214D5 /* SCAdCollectionViewLayout.m in Sources */ = {isa = PBXBuildFile; fileRef = 294D71B320A91D72003214D5 /* SCAdCollectionViewLayout.m */; };
		294D71B920A91D72003214D5 /* SCAdView.m in Sources */ = {isa = PBXBuildFile; fileRef = 294D71B720A91D72003214D5 /* SCAdView.m */; };
		29645C0D20A849770099CEAB /* AppDelegate.m in Sources */ = {isa = PBXBuildFile; fileRef = 29645C0C20A849770099CEAB /* AppDelegate.m */; };
		29645C1020A849770099CEAB /* ViewController.m in Sources */ = {isa = PBXBuildFile; fileRef = 29645C0F20A849770099CEAB /* ViewController.m */; };
		29645C1320A849770099CEAB /* Main.storyboard in Resources */ = {isa = PBXBuildFile; fileRef = 29645C1120A849770099CEAB /* Main.storyboard */; };
		29645C1520A849780099CEAB /* Assets.xcassets in Resources */ = {isa = PBXBuildFile; fileRef = 29645C1420A849780099CEAB /* Assets.xcassets */; };
		29645C1820A849780099CEAB /* LaunchScreen.storyboard in Resources */ = {isa = PBXBuildFile; fileRef = 29645C1620A849780099CEAB /* LaunchScreen.storyboard */; };
		29645C1B20A849780099CEAB /* main.m in Sources */ = {isa = PBXBuildFile; fileRef = 29645C1A20A849780099CEAB /* main.m */; };
		29645C2620A84CC50099CEAB /* UIColor+ZYXColor.m in Sources */ = {isa = PBXBuildFile; fileRef = 29645C2520A84CC50099CEAB /* UIColor+ZYXColor.m */; };
		29B0ADB120A85473003D1C0B /* UIButton+ZYXButton.m in Sources */ = {isa = PBXBuildFile; fileRef = 29B0ADB020A85473003D1C0B /* UIButton+ZYXButton.m */; };
		29B0ADB420A855A7003D1C0B /* NSObject+ZYXObject.m in Sources */ = {isa = PBXBuildFile; fileRef = 29B0ADB320A855A7003D1C0B /* NSObject+ZYXObject.m */; };
		29B0ADB720A85699003D1C0B /* UIImage+ZYXImage.m in Sources */ = {isa = PBXBuildFile; fileRef = 29B0ADB620A85699003D1C0B /* UIImage+ZYXImage.m */; };
/* End PBXBuildFile section */

/* Begin PBXFileReference section */
		294D71B320A91D72003214D5 /* SCAdCollectionViewLayout.m */ = {isa = PBXFileReference; fileEncoding = 4; lastKnownFileType = sourcecode.c.objc; path = SCAdCollectionViewLayout.m; sourceTree = "<group>"; };
		294D71B420A91D72003214D5 /* SCAdView.h */ = {isa = PBXFileReference; fileEncoding = 4; lastKnownFileType = sourcecode.c.h; path = SCAdView.h; sourceTree = "<group>"; };
		294D71B520A91D72003214D5 /* SCAdViewRenderDelegate.h */ = {isa = PBXFileReference; fileEncoding = 4; lastKnownFileType = sourcecode.c.h; path = SCAdViewRenderDelegate.h; sourceTree = "<group>"; };
		294D71B620A91D72003214D5 /* SCAdCollectionViewLayout.h */ = {isa = PBXFileReference; fileEncoding = 4; lastKnownFileType = sourcecode.c.h; path = SCAdCollectionViewLayout.h; sourceTree = "<group>"; };
		294D71B720A91D72003214D5 /* SCAdView.m */ = {isa = PBXFileReference; fileEncoding = 4; lastKnownFileType = sourcecode.c.objc; path = SCAdView.m; sourceTree = "<group>"; };
		294D71BA20A91E5D003214D5 /* CommonFramework-Bridging-Header.h */ = {isa = PBXFileReference; lastKnownFileType = sourcecode.c.h; path = "CommonFramework-Bridging-Header.h"; sourceTree = "<group>"; };
		29645C0820A849770099CEAB /* CommonFramework.app */ = {isa = PBXFileReference; explicitFileType = wrapper.application; includeInIndex = 0; path = CommonFramework.app; sourceTree = BUILT_PRODUCTS_DIR; };
		29645C0B20A849770099CEAB /* AppDelegate.h */ = {isa = PBXFileReference; lastKnownFileType = sourcecode.c.h; path = AppDelegate.h; sourceTree = "<group>"; };
		29645C0C20A849770099CEAB /* AppDelegate.m */ = {isa = PBXFileReference; lastKnownFileType = sourcecode.c.objc; path = AppDelegate.m; sourceTree = "<group>"; };
		29645C0E20A849770099CEAB /* ViewController.h */ = {isa = PBXFileReference; lastKnownFileType = sourcecode.c.h; path = ViewController.h; sourceTree = "<group>"; };
		29645C0F20A849770099CEAB /* ViewController.m */ = {isa = PBXFileReference; lastKnownFileType = sourcecode.c.objc; path = ViewController.m; sourceTree = "<group>"; };
		29645C1220A849770099CEAB /* Base */ = {isa = PBXFileReference; lastKnownFileType = file.storyboard; name = Base; path = Base.lproj/Main.storyboard; sourceTree = "<group>"; };
		29645C1420A849780099CEAB /* Assets.xcassets */ = {isa = PBXFileReference; lastKnownFileType = folder.assetcatalog; path = Assets.xcassets; sourceTree = "<group>"; };
		29645C1720A849780099CEAB /* Base */ = {isa = PBXFileReference; lastKnownFileType = file.storyboard; name = Base; path = Base.lproj/LaunchScreen.storyboard; sourceTree = "<group>"; };
		29645C1920A849780099CEAB /* Info.plist */ = {isa = PBXFileReference; lastKnownFileType = text.plist.xml; path = Info.plist; sourceTree = "<group>"; };
		29645C1A20A849780099CEAB /* main.m */ = {isa = PBXFileReference; lastKnownFileType = sourcecode.c.objc; path = main.m; sourceTree = "<group>"; };
		29645C2320A84B7E0099CEAB /* PrefixHeader.pch */ = {isa = PBXFileReference; lastKnownFileType = sourcecode.c.h; path = PrefixHeader.pch; sourceTree = "<group>"; };
		29645C2420A84CC50099CEAB /* UIColor+ZYXColor.h */ = {isa = PBXFileReference; lastKnownFileType = sourcecode.c.h; path = "UIColor+ZYXColor.h"; sourceTree = "<group>"; };
		29645C2520A84CC50099CEAB /* UIColor+ZYXColor.m */ = {isa = PBXFileReference; lastKnownFileType = sourcecode.c.objc; path = "UIColor+ZYXColor.m"; sourceTree = "<group>"; };
		29B0ADAD20A84D92003D1C0B /* Header.h */ = {isa = PBXFileReference; lastKnownFileType = sourcecode.c.h; path = Header.h; sourceTree = "<group>"; };
		29B0ADAF20A85473003D1C0B /* UIButton+ZYXButton.h */ = {isa = PBXFileReference; lastKnownFileType = sourcecode.c.h; path = "UIButton+ZYXButton.h"; sourceTree = "<group>"; };
		29B0ADB020A85473003D1C0B /* UIButton+ZYXButton.m */ = {isa = PBXFileReference; lastKnownFileType = sourcecode.c.objc; path = "UIButton+ZYXButton.m"; sourceTree = "<group>"; };
		29B0ADB220A855A7003D1C0B /* NSObject+ZYXObject.h */ = {isa = PBXFileReference; lastKnownFileType = sourcecode.c.h; path = "NSObject+ZYXObject.h"; sourceTree = "<group>"; };
		29B0ADB320A855A7003D1C0B /* NSObject+ZYXObject.m */ = {isa = PBXFileReference; lastKnownFileType = sourcecode.c.objc; path = "NSObject+ZYXObject.m"; sourceTree = "<group>"; };
		29B0ADB520A85699003D1C0B /* UIImage+ZYXImage.h */ = {isa = PBXFileReference; lastKnownFileType = sourcecode.c.h; path = "UIImage+ZYXImage.h"; sourceTree = "<group>"; };
		29B0ADB620A85699003D1C0B /* UIImage+ZYXImage.m */ = {isa = PBXFileReference; lastKnownFileType = sourcecode.c.objc; path = "UIImage+ZYXImage.m"; sourceTree = "<group>"; };
/* End PBXFileReference section */

/* Begin PBXFrameworksBuildPhase section */
		29645C0520A849770099CEAB /* Frameworks */ = {
			isa = PBXFrameworksBuildPhase;
			buildActionMask = 2147483647;
			files = (
			);
			runOnlyForDeploymentPostprocessing = 0;
		};
/* End PBXFrameworksBuildPhase section */

/* Begin PBXGroup section */
		294D71AB20A91BB0003214D5 /* Class */ = {
			isa = PBXGroup;
			children = (
				294D71AD20A91C36003214D5 /* Features */,
				294D71B020A91C68003214D5 /* Resouces */,
				294D71AF20A91C5D003214D5 /* Helpers */,
				294D71AE20A91C4F003214D5 /* Vendors */,
				294D71AC20A91C2A003214D5 /* Categories */,
			);
			path = Class;
			sourceTree = "<group>";
		};
		294D71AC20A91C2A003214D5 /* Categories */ = {
			isa = PBXGroup;
			children = (
				29645C2420A84CC50099CEAB /* UIColor+ZYXColor.h */,
				29645C2520A84CC50099CEAB /* UIColor+ZYXColor.m */,
				29B0ADAF20A85473003D1C0B /* UIButton+ZYXButton.h */,
				29B0ADB020A85473003D1C0B /* UIButton+ZYXButton.m */,
				29B0ADB520A85699003D1C0B /* UIImage+ZYXImage.h */,
				29B0ADB620A85699003D1C0B /* UIImage+ZYXImage.m */,
				29B0ADB220A855A7003D1C0B /* NSObject+ZYXObject.h */,
				29B0ADB320A855A7003D1C0B /* NSObject+ZYXObject.m */,
			);
			path = Categories;
			sourceTree = "<group>";
		};
		294D71AD20A91C36003214D5 /* Features */ = {
			isa = PBXGroup;
			children = (
				29645C0E20A849770099CEAB /* ViewController.h */,
				29645C0F20A849770099CEAB /* ViewController.m */,
			);
			path = Features;
			sourceTree = "<group>";
		};
		294D71AE20A91C4F003214D5 /* Vendors */ = {
			isa = PBXGroup;
			children = (
				294D71B220A91D72003214D5 /* SCAdView */,
			);
			path = Vendors;
			sourceTree = "<group>";
		};
		294D71AF20A91C5D003214D5 /* Helpers */ = {
			isa = PBXGroup;
			children = (
			);
			path = Helpers;
			sourceTree = "<group>";
		};
		294D71B020A91C68003214D5 /* Resouces */ = {
			isa = PBXGroup;
			children = (
			);
			path = Resouces;
			sourceTree = "<group>";
		};
		294D71B120A91C92003214D5 /* AppDelegate */ = {
			isa = PBXGroup;
			children = (
				29645C0B20A849770099CEAB /* AppDelegate.h */,
				29645C0C20A849770099CEAB /* AppDelegate.m */,
			);
			name = AppDelegate;
			sourceTree = "<group>";
		};
		294D71B220A91D72003214D5 /* SCAdView */ = {
			isa = PBXGroup;
			children = (
				294D71B320A91D72003214D5 /* SCAdCollectionViewLayout.m */,
				294D71B420A91D72003214D5 /* SCAdView.h */,
				294D71B520A91D72003214D5 /* SCAdViewRenderDelegate.h */,
				294D71B620A91D72003214D5 /* SCAdCollectionViewLayout.h */,
				294D71B720A91D72003214D5 /* SCAdView.m */,
			);
			path = SCAdView;
			sourceTree = "<group>";
		};
		29645BFF20A849770099CEAB = {
			isa = PBXGroup;
			children = (
				29645C0A20A849770099CEAB /* CommonFramework */,
				29645C0920A849770099CEAB /* Products */,
			);
			sourceTree = "<group>";
		};
		29645C0920A849770099CEAB /* Products */ = {
			isa = PBXGroup;
			children = (
				29645C0820A849770099CEAB /* CommonFramework.app */,
			);
			name = Products;
			sourceTree = "<group>";
		};
		29645C0A20A849770099CEAB /* CommonFramework */ = {
			isa = PBXGroup;
			children = (
				294D71B120A91C92003214D5 /* AppDelegate */,
				294D71AB20A91BB0003214D5 /* Class */,
				29645C2720A84CD70099CEAB /* Others */,
			);
			path = CommonFramework;
			sourceTree = "<group>";
		};
		29645C2720A84CD70099CEAB /* Others */ = {
			isa = PBXGroup;
			children = (
				29645C1120A849770099CEAB /* Main.storyboard */,
				29645C1420A849780099CEAB /* Assets.xcassets */,
				29645C1620A849780099CEAB /* LaunchScreen.storyboard */,
				29645C1920A849780099CEAB /* Info.plist */,
				29645C1A20A849780099CEAB /* main.m */,
				29645C2320A84B7E0099CEAB /* PrefixHeader.pch */,
				29B0ADAD20A84D92003D1C0B /* Header.h */,
				294D71BA20A91E5D003214D5 /* CommonFramework-Bridging-Header.h */,
			);
			name = Others;
			sourceTree = "<group>";
		};
/* End PBXGroup section */

/* Begin PBXNativeTarget section */
		29645C0720A849770099CEAB /* CommonFramework */ = {
			isa = PBXNativeTarget;
			buildConfigurationList = 29645C1E20A849780099CEAB /* Build configuration list for PBXNativeTarget "CommonFramework" */;
			buildPhases = (
				29645C0420A849770099CEAB /* Sources */,
				29645C0520A849770099CEAB /* Frameworks */,
				29645C0620A849770099CEAB /* Resources */,
			);
			buildRules = (
			);
			dependencies = (
			);
			name = CommonFramework;
			productName = CommonFramework;
			productReference = 29645C0820A849770099CEAB /* CommonFramework.app */;
			productType = "com.apple.product-type.application";
		};
/* End PBXNativeTarget section */

/* Begin PBXProject section */
		29645C0020A849770099CEAB /* Project object */ = {
			isa = PBXProject;
			attributes = {
				LastUpgradeCheck = 0930;
				ORGANIZATIONNAME = zyx;
				TargetAttributes = {
					29645C0720A849770099CEAB = {
						CreatedOnToolsVersion = 9.3;
						LastSwiftMigration = 0930;
					};
				};
			};
			buildConfigurationList = 29645C0320A849770099CEAB /* Build configuration list for PBXProject "CommonFramework" */;
			compatibilityVersion = "Xcode 9.3";
			developmentRegion = en;
			hasScannedForEncodings = 0;
			knownRegions = (
				en,
				Base,
			);
			mainGroup = 29645BFF20A849770099CEAB;
			productRefGroup = 29645C0920A849770099CEAB /* Products */;
			projectDirPath = "";
			projectRoot = "";
			targets = (
				29645C0720A849770099CEAB /* CommonFramework */,
			);
		};
/* End PBXProject section */

/* Begin PBXResourcesBuildPhase section */
		29645C0620A849770099CEAB /* Resources */ = {
			isa = PBXResourcesBuildPhase;
			buildActionMask = 2147483647;
			files = (
				29645C1820A849780099CEAB /* LaunchScreen.storyboard in Resources */,
				29645C1520A849780099CEAB /* Assets.xcassets in Resources */,
				29645C1320A849770099CEAB /* Main.storyboard in Resources */,
			);
			runOnlyForDeploymentPostprocessing = 0;
		};
/* End PBXResourcesBuildPhase section */

/* Begin PBXSourcesBuildPhase section */
		29645C0420A849770099CEAB /* Sources */ = {
			isa = PBXSourcesBuildPhase;
			buildActionMask = 2147483647;
			files = (
				29B0ADB420A855A7003D1C0B /* NSObject+ZYXObject.m in Sources */,
				294D71B920A91D72003214D5 /* SCAdView.m in Sources */,
				29645C1020A849770099CEAB /* ViewController.m in Sources */,
				29645C1B20A849780099CEAB /* main.m in Sources */,
				29645C0D20A849770099CEAB /* AppDelegate.m in Sources */,
				29B0ADB120A85473003D1C0B /* UIButton+ZYXButton.m in Sources */,
				294D71B820A91D72003214D5 /* SCAdCollectionViewLayout.m in Sources */,
				29645C2620A84CC50099CEAB /* UIColor+ZYXColor.m in Sources */,
				29B0ADB720A85699003D1C0B /* UIImage+ZYXImage.m in Sources */,
			);
			runOnlyForDeploymentPostprocessing = 0;
		};
/* End PBXSourcesBuildPhase section */

/* Begin PBXVariantGroup section */
		29645C1120A849770099CEAB /* Main.storyboard */ = {
			isa = PBXVariantGroup;
			children = (
				29645C1220A849770099CEAB /* Base */,
			);
			name = Main.storyboard;
			sourceTree = "<group>";
		};
		29645C1620A849780099CEAB /* LaunchScreen.storyboard */ = {
			isa = PBXVariantGroup;
			children = (
				29645C1720A849780099CEAB /* Base */,
			);
			name = LaunchScreen.storyboard;
			sourceTree = "<group>";
		};
/* End PBXVariantGroup section */

/* Begin XCBuildConfiguration section */
		29645C1C20A849780099CEAB /* Debug */ = {
			isa = XCBuildConfiguration;
			buildSettings = {
				ALWAYS_SEARCH_USER_PATHS = NO;
				CLANG_ANALYZER_NONNULL = YES;
				CLANG_ANALYZER_NUMBER_OBJECT_CONVERSION = YES_AGGRESSIVE;
				CLANG_CXX_LANGUAGE_STANDARD = "gnu++14";
				CLANG_CXX_LIBRARY = "libc++";
				CLANG_ENABLE_MODULES = YES;
				CLANG_ENABLE_OBJC_ARC = YES;
				CLANG_ENABLE_OBJC_WEAK = YES;
				CLANG_WARN_BLOCK_CAPTURE_AUTORELEASING = YES;
				CLANG_WARN_BOOL_CONVERSION = YES;
				CLANG_WARN_COMMA = YES;
				CLANG_WARN_CONSTANT_CONVERSION = YES;
				CLANG_WARN_DEPRECATED_OBJC_IMPLEMENTATIONS = YES;
				CLANG_WARN_DIRECT_OBJC_ISA_USAGE = YES_ERROR;
				CLANG_WARN_DOCUMENTATION_COMMENTS = YES;
				CLANG_WARN_EMPTY_BODY = YES;
				CLANG_WARN_ENUM_CONVERSION = YES;
				CLANG_WARN_INFINITE_RECURSION = YES;
				CLANG_WARN_INT_CONVERSION = YES;
				CLANG_WARN_NON_LITERAL_NULL_CONVERSION = YES;
				CLANG_WARN_OBJC_IMPLICIT_RETAIN_SELF = YES;
				CLANG_WARN_OBJC_LITERAL_CONVERSION = YES;
				CLANG_WARN_OBJC_ROOT_CLASS = YES_ERROR;
				CLANG_WARN_RANGE_LOOP_ANALYSIS = YES;
				CLANG_WARN_STRICT_PROTOTYPES = YES;
				CLANG_WARN_SUSPICIOUS_MOVE = YES;
				CLANG_WARN_UNGUARDED_AVAILABILITY = YES_AGGRESSIVE;
				CLANG_WARN_UNREACHABLE_CODE = YES;
				CLANG_WARN__DUPLICATE_METHOD_MATCH = YES;
				CODE_SIGN_IDENTITY = "iPhone Developer";
				COPY_PHASE_STRIP = NO;
				DEBUG_INFORMATION_FORMAT = dwarf;
				ENABLE_STRICT_OBJC_MSGSEND = YES;
				ENABLE_TESTABILITY = YES;
				GCC_C_LANGUAGE_STANDARD = gnu11;
				GCC_DYNAMIC_NO_PIC = NO;
				GCC_NO_COMMON_BLOCKS = YES;
				GCC_OPTIMIZATION_LEVEL = 0;
				GCC_PREPROCESSOR_DEFINITIONS = (
					"DEBUG=1",
					"$(inherited)",
				);
				GCC_WARN_64_TO_32_BIT_CONVERSION = YES;
				GCC_WARN_ABOUT_RETURN_TYPE = YES_ERROR;
				GCC_WARN_UNDECLARED_SELECTOR = YES;
				GCC_WARN_UNINITIALIZED_AUTOS = YES_AGGRESSIVE;
				GCC_WARN_UNUSED_FUNCTION = YES;
				GCC_WARN_UNUSED_VARIABLE = YES;
				IPHONEOS_DEPLOYMENT_TARGET = 11.3;
				MTL_ENABLE_DEBUG_INFO = YES;
				ONLY_ACTIVE_ARCH = YES;
				SDKROOT = iphoneos;
			};
			name = Debug;
		};
		29645C1D20A849780099CEAB /* Release */ = {
			isa = XCBuildConfiguration;
			buildSettings = {
				ALWAYS_SEARCH_USER_PATHS = NO;
				CLANG_ANALYZER_NONNULL = YES;
				CLANG_ANALYZER_NUMBER_OBJECT_CONVERSION = YES_AGGRESSIVE;
				CLANG_CXX_LANGUAGE_STANDARD = "gnu++14";
				CLANG_CXX_LIBRARY = "libc++";
				CLANG_ENABLE_MODULES = YES;
				CLANG_ENABLE_OBJC_ARC = YES;
				CLANG_ENABLE_OBJC_WEAK = YES;
				CLANG_WARN_BLOCK_CAPTURE_AUTORELEASING = YES;
				CLANG_WARN_BOOL_CONVERSION = YES;
				CLANG_WARN_COMMA = YES;
				CLANG_WARN_CONSTANT_CONVERSION = YES;
				CLANG_WARN_DEPRECATED_OBJC_IMPLEMENTATIONS = YES;
				CLANG_WARN_DIRECT_OBJC_ISA_USAGE = YES_ERROR;
				CLANG_WARN_DOCUMENTATION_COMMENTS = YES;
				CLANG_WARN_EMPTY_BODY = YES;
				CLANG_WARN_ENUM_CONVERSION = YES;
				CLANG_WARN_INFINITE_RECURSION = YES;
				CLANG_WARN_INT_CONVERSION = YES;
				CLANG_WARN_NON_LITERAL_NULL_CONVERSION = YES;
				CLANG_WARN_OBJC_IMPLICIT_RETAIN_SELF = YES;
				CLANG_WARN_OBJC_LITERAL_CONVERSION = YES;
				CLANG_WARN_OBJC_ROOT_CLASS = YES_ERROR;
				CLANG_WARN_RANGE_LOOP_ANALYSIS = YES;
				CLANG_WARN_STRICT_PROTOTYPES = YES;
				CLANG_WARN_SUSPICIOUS_MOVE = YES;
				CLANG_WARN_UNGUARDED_AVAILABILITY = YES_AGGRESSIVE;
				CLANG_WARN_UNREACHABLE_CODE = YES;
				CLANG_WARN__DUPLICATE_METHOD_MATCH = YES;
				CODE_SIGN_IDENTITY = "iPhone Developer";
				COPY_PHASE_STRIP = NO;
				DEBUG_INFORMATION_FORMAT = "dwarf-with-dsym";
				ENABLE_NS_ASSERTIONS = NO;
				ENABLE_STRICT_OBJC_MSGSEND = YES;
				GCC_C_LANGUAGE_STANDARD = gnu11;
				GCC_NO_COMMON_BLOCKS = YES;
				GCC_WARN_64_TO_32_BIT_CONVERSION = YES;
				GCC_WARN_ABOUT_RETURN_TYPE = YES_ERROR;
				GCC_WARN_UNDECLARED_SELECTOR = YES;
				GCC_WARN_UNINITIALIZED_AUTOS = YES_AGGRESSIVE;
				GCC_WARN_UNUSED_FUNCTION = YES;
				GCC_WARN_UNUSED_VARIABLE = YES;
				IPHONEOS_DEPLOYMENT_TARGET = 11.3;
				MTL_ENABLE_DEBUG_INFO = NO;
				SDKROOT = iphoneos;
				VALIDATE_PRODUCT = YES;
			};
			name = Release;
		};
		29645C1F20A849780099CEAB /* Debug */ = {
			isa = XCBuildConfiguration;
			buildSettings = {
				ASSETCATALOG_COMPILER_APPICON_NAME = AppIcon;
				CLANG_ENABLE_MODULES = YES;
				CODE_SIGN_STYLE = Automatic;
				GCC_PRECOMPILE_PREFIX_HEADER = YES;
				GCC_PREFIX_HEADER = $SRCROOT/CommonFramework/PrefixHeader.pch;
				INFOPLIST_FILE = CommonFramework/Info.plist;
				IPHONEOS_DEPLOYMENT_TARGET = 8.0;
				LD_RUNPATH_SEARCH_PATHS = (
					"$(inherited)",
					"@executable_path/Frameworks",
				);
				PRODUCT_BUNDLE_IDENTIFIER = com.zyx.CommonFramework;
				PRODUCT_NAME = "$(TARGET_NAME)";
				SWIFT_OBJC_BRIDGING_HEADER = "CommonFramework/CommonFramework-Bridging-Header.h";
				SWIFT_OPTIMIZATION_LEVEL = "-Onone";
				SWIFT_VERSION = 3.0;
				TARGETED_DEVICE_FAMILY = "1,2";
			};
			name = Debug;
		};
		29645C2020A849780099CEAB /* Release */ = {
			isa = XCBuildConfiguration;
			buildSettings = {
				ASSETCATALOG_COMPILER_APPICON_NAME = AppIcon;
				CLANG_ENABLE_MODULES = YES;
				CODE_SIGN_STYLE = Automatic;
				GCC_PRECOMPILE_PREFIX_HEADER = YES;
				GCC_PREFIX_HEADER = $SRCROOT/CommonFramework/PrefixHeader.pch;
				INFOPLIST_FILE = CommonFramework/Info.plist;
				IPHONEOS_DEPLOYMENT_TARGET = 8.0;
				LD_RUNPATH_SEARCH_PATHS = (
					"$(inherited)",
					"@executable_path/Frameworks",
				);
				PRODUCT_BUNDLE_IDENTIFIER = com.zyx.CommonFramework;
				PRODUCT_NAME = "$(TARGET_NAME)";
				SWIFT_OBJC_BRIDGING_HEADER = "CommonFramework/CommonFramework-Bridging-Header.h";
				SWIFT_VERSION = 3.0;
				TARGETED_DEVICE_FAMILY = "1,2";
			};
			name = Release;
		};
/* End XCBuildConfiguration section */

/* Begin XCConfigurationList section */
		29645C0320A849770099CEAB /* Build configuration list for PBXProject "CommonFramework" */ = {
			isa = XCConfigurationList;
			buildConfigurations = (
				29645C1C20A849780099CEAB /* Debug */,
				29645C1D20A849780099CEAB /* Release */,
			);
			defaultConfigurationIsVisible = 0;
			defaultConfigurationName = Release;
		};
		29645C1E20A849780099CEAB /* Build configuration list for PBXNativeTarget "CommonFramework" */ = {
			isa = XCConfigurationList;
			buildConfigurations = (
				29645C1F20A849780099CEAB /* Debug */,
				29645C2020A849780099CEAB /* Release */,
			);
			defaultConfigurationIsVisible = 0;
			defaultConfigurationName = Release;
		};
/* End XCConfigurationList section */
	};
	rootObject = 29645C0020A849770099CEAB /* Project object */;
}
